
Microsoft Visual Studio Solution File, Format Version 12.00
# Visual Studio 14
VisualStudioVersion = 14.0.23107.0
MinimumVisualStudioVersion = 10.0.40219.1
Project("{2150E333-8FDC-42A3-9474-1A3956D46DE8}") = "src", "src", "{CB333951-5267-4FD3-B4C0-66D9E5BE5718}"
EndProject
Project("{2150E333-8FDC-42A3-9474-1A3956D46DE8}") = "Solution Items", "Solution Items", "{67E54075-5AC8-4CDE-A0F0-9CD5DE13D113}"
	ProjectSection(SolutionItems) = preProject
		global.json = global.json
		NuGet.Config = NuGet.Config
	EndProjectSection
EndProject
Project("{8BB2217D-0F2D-49D1-97BC-3654ED321F3B}") = "ConsoleApp1", "src\ConsoleApp1\ConsoleApp1.xproj", "{EF056999-03C9-49D8-9E93-A01BBA7382CF}"
EndProject
Global
	GlobalSection(SolutionConfigurationPlatforms) = preSolution
		Debug|Any CPU = Debug|Any CPU
		Release|Any CPU = Release|Any CPU
	EndGlobalSection
	GlobalSection(ProjectConfigurationPlatforms) = postSolution
		{EF056999-03C9-49D8-9E93-A01BBA7382CF}.Debug|Any CPU.ActiveCfg = Debug|Any CPU
		{EF056999-03C9-49D8-9E93-A01BBA7382CF}.Debug|Any CPU.Build.0 = Debug|Any CPU
		{EF056999-03C9-49D8-9E93-A01BBA7382CF}.Release|Any CPU.ActiveCfg = Release|Any CPU
		{EF056999-03C9-49D8-9E93-A01BBA7382CF}.Release|Any CPU.Build.0 = Release|Any CPU
	EndGlobalSection
	GlobalSection(SolutionProperties) = preSolution
		HideSolutionNode = FALSE
	EndGlobalSection
	GlobalSection(NestedProjects) = preSolution
		{EF056999-03C9-49D8-9E93-A01BBA7382CF} = {CB333951-5267-4FD3-B4C0-66D9E5BE5718}
	EndGlobalSection
EndGlobal
